hash: b9a2e39554a9408bcbeb8e6fe909ae85b066c18eb2f5823ca6ab2da35a7ea34a
updated: 2019-07-27T16:54:15.594335+07:00
imports:
- name: github.com/99designs/gqlgen
  version: b128a29122e8ca8ada5f34cc18338fa7c10fc5b4
- name: github.com/dgrijalva/jwt-go
  version: 06ea1031745cb8b3dab3f6a236daf2b0aa468b7e
- name: github.com/go-sql-driver/mysql
  version: 72cd26f257d44c1114970e19afddcd812016007e
testImports: []
